
Microsoft Visual Studio Solution File, Format Version 12.00
# Visual Studio 15
VisualStudioVersion = 15.0.28307.572
MinimumVisualStudioVersion = 10.0.40219.1
Project("{FAE04EC0-301F-11D3-BF4B-00C04F79EFBC}") = "Prep-Forum", "Prep-Forum\Prep-Forum.csproj", "{FB44E1E3-AA01-4443-9917-B37DE3DCD4BA}"
EndProject
Global
	GlobalSection(SolutionConfigurationPlatforms) = preSolution
		Debug|Any CPU = Debug|Any CPU
		Release|Any CPU = Release|Any CPU
	EndGlobalSection
	GlobalSection(ProjectConfigurationPlatforms) = postSolution
		{FB44E1E3-AA01-4443-9917-B37DE3DCD4BA}.Debug|Any CPU.ActiveCfg = Debug|Any CPU
		{FB44E1E3-AA01-4443-9917-B37DE3DCD4BA}.Debug|Any CPU.Build.0 = Debug|Any CPU
		{FB44E1E3-AA01-4443-9917-B37DE3DCD4BA}.Release|Any CPU.ActiveCfg = Release|Any CPU
		{FB44E1E3-AA01-4443-9917-B37DE3DCD4BA}.Release|Any CPU.Build.0 = Release|Any CPU
	EndGlobalSection
	GlobalSection(SolutionProperties) = preSolution
		HideSolutionNode = FALSE
	EndGlobalSection
	GlobalSection(ExtensibilityGlobals) = postSolution
		SolutionGuid = {8C8D16E6-3D19-4473-BB3A-5AFB5552D0F6}
	EndGlobalSection
EndGlobal
